
Microsoft Visual Studio Solution File, Format Version 12.00
# Visual Studio Version 17
VisualStudioVersion = 17.8.34330.188
MinimumVisualStudioVersion = 10.0.40219.1
Project("{D2ABAB84-BF74-430A-B69E-9DC6D40DDA17}") = "ITI_GP_CUBE", "ITI_GP_CUBE\ITI_GP_CUBE.dwproj", "{3FC8CDDC-B35B-4F96-9BAD-ABEE4E8FF4A0}"
EndProject
Global
	GlobalSection(SolutionConfigurationPlatforms) = preSolution
		Development|Default = Development|Default
	EndGlobalSection
	GlobalSection(ProjectConfigurationPlatforms) = postSolution
		{3FC8CDDC-B35B-4F96-9BAD-ABEE4E8FF4A0}.Development|Default.ActiveCfg = Development
		{3FC8CDDC-B35B-4F96-9BAD-ABEE4E8FF4A0}.Development|Default.Build.0 = Development
		{3FC8CDDC-B35B-4F96-9BAD-ABEE4E8FF4A0}.Development|Default.Deploy.0 = Development
	EndGlobalSection
	GlobalSection(SolutionProperties) = preSolution
		HideSolutionNode = FALSE
	EndGlobalSection
	GlobalSection(ExtensibilityGlobals) = postSolution
		SolutionGuid = {FDA9FBC6-D1D7-4BFD-9C26-56B3DA439A50}
	EndGlobalSection
EndGlobal
